{
	"requires": true,
	"lockfileVersion": 1,
	"dependencies": {
		"email-validator": {
			"version": "1.1.1",
			"resolved": "https://registry.npmjs.org/email-validator/-/email-validator-1.1.1.tgz",
			"integrity": "sha512-vkcJJZEb7JXDY883Nx1Lkmb6noM3j1SfSt8L9tVFhZPnPQiFq+Nkd5evc77+tRVS4ChTUSr34voThsglI/ja/A=="
		},
		"nativescript-background-http": {
			"version": "3.1.0",
			"resolved": "https://registry.npmjs.org/nativescript-background-http/-/nativescript-background-http-3.1.0.tgz",
			"integrity": "sha1-sGPO7S69ECuT19sHzzbs3ilTS1s="
		},
		"nativescript-camera": {
			"version": "3.2.1",
			"resolved": "https://registry.npmjs.org/nativescript-camera/-/nativescript-camera-3.2.1.tgz",
			"integrity": "sha1-WQOLwzOgTPwmU2TyZaC771h7hB0=",
			"requires": {
				"nativescript-permissions": "1.2.3"
			}
		},
		"nativescript-permissions": {
			"version": "1.2.3",
			"resolved": "https://registry.npmjs.org/nativescript-permissions/-/nativescript-permissions-1.2.3.tgz",
			"integrity": "sha1-4+ZVRfmP5IjdVXj3/5DrrjCI5wA="
		},
		"nativescript-social-share": {
			"version": "1.5.0",
			"resolved": "https://registry.npmjs.org/nativescript-social-share/-/nativescript-social-share-1.5.0.tgz",
			"integrity": "sha512-l2vbHaCSyPpoxUr/z5oPUNnLVYYMsawIWTydzBSo+XVh9lbfajaEFkACR0HNquEHwx73IH7a7J5l3rF2fiQPOg=="
		},
		"nativescript-theme-core": {
			"version": "1.0.4",
			"resolved": "https://registry.npmjs.org/nativescript-theme-core/-/nativescript-theme-core-1.0.4.tgz",
			"integrity": "sha1-zyiAx/vy/l9D4iNdMJdQeQgD7+E="
		},
		"tns-core-modules": {
			"version": "3.4.0",
			"resolved": "https://registry.npmjs.org/tns-core-modules/-/tns-core-modules-3.4.0.tgz",
			"integrity": "sha1-PEDdPpXGwzs/73rU7nTaqEOpKhE=",
			"requires": {
				"tns-core-modules-widgets": "3.4.0"
			}
		},
		"tns-core-modules-widgets": {
			"version": "3.4.0",
			"resolved": "https://registry.npmjs.org/tns-core-modules-widgets/-/tns-core-modules-widgets-3.4.0.tgz",
			"integrity": "sha512-WEtjDRTjjKB+C1NhY1CJSNyhK9DPCYzBgM+yKgq5AmphK/QdQEMAP1U2ttOv8yWWfsvLZGOnzyLCzcyeoG0Gfw=="
		}
	}
}
